
Microsoft Visual Studio Solution File, Format Version 12.00
# Visual Studio Version 16
VisualStudioVersion = 16.0.29306.81
MinimumVisualStudioVersion = 10.0.40219.1
Project("{FAE04EC0-301F-11D3-BF4B-00C04F79EFBC}") = "SageOneApi.Client", "SageOneApi.Client\SageOneApi.Client.csproj", "{7301DF3C-3419-45A0-A22B-359BA049C322}"
EndProject
Global
	GlobalSection(SolutionConfigurationPlatforms) = preSolution
		Debug|Any CPU = Debug|Any CPU
		Release|Any CPU = Release|Any CPU
	EndGlobalSection
	GlobalSection(ProjectConfigurationPlatforms) = postSolution
		{7301DF3C-3419-45A0-A22B-359BA049C322}.Debug|Any CPU.ActiveCfg = Debug|Any CPU
		{7301DF3C-3419-45A0-A22B-359BA049C322}.Debug|Any CPU.Build.0 = Debug|Any CPU
		{7301DF3C-3419-45A0-A22B-359BA049C322}.Release|Any CPU.ActiveCfg = Release|Any CPU
		{7301DF3C-3419-45A0-A22B-359BA049C322}.Release|Any CPU.Build.0 = Release|Any CPU
	EndGlobalSection
	GlobalSection(SolutionProperties) = preSolution
		HideSolutionNode = FALSE
	EndGlobalSection
	GlobalSection(ExtensibilityGlobals) = postSolution
		SolutionGuid = {E4617509-1A03-4037-92A0-1A00C874D027}
	EndGlobalSection
EndGlobal
